
Microsoft Visual Studio Solution File, Format Version 12.00
# Visual Studio 15
VisualStudioVersion = 15.0.26730.15
MinimumVisualStudioVersion = 10.0.40219.1
Project("{FAE04EC0-301F-11D3-BF4B-00C04F79EFBC}") = "BrilliantBurgers", "BrilliantBurgers\BrilliantBurgers.csproj", "{30AAE31E-BB42-46D9-98EC-DA9328ADC6B7}"
EndProject
Global
	GlobalSection(SolutionConfigurationPlatforms) = preSolution
		Debug|Any CPU = Debug|Any CPU
		Release|Any CPU = Release|Any CPU
	EndGlobalSection
	GlobalSection(ProjectConfigurationPlatforms) = postSolution
		{30AAE31E-BB42-46D9-98EC-DA9328ADC6B7}.Debug|Any CPU.ActiveCfg = Debug|Any CPU
		{30AAE31E-BB42-46D9-98EC-DA9328ADC6B7}.Debug|Any CPU.Build.0 = Debug|Any CPU
		{30AAE31E-BB42-46D9-98EC-DA9328ADC6B7}.Release|Any CPU.ActiveCfg = Release|Any CPU
		{30AAE31E-BB42-46D9-98EC-DA9328ADC6B7}.Release|Any CPU.Build.0 = Release|Any CPU
	EndGlobalSection
	GlobalSection(SolutionProperties) = preSolution
		HideSolutionNode = FALSE
	EndGlobalSection
	GlobalSection(ExtensibilityGlobals) = postSolution
		SolutionGuid = {1C626950-F1CE-4E30-A961-80C970783E8F}
	EndGlobalSection
EndGlobal
